
Microsoft Visual Studio Solution File, Format Version 12.00
# Visual Studio Version 17
VisualStudioVersion = 17.14.36930.0 d17.14
MinimumVisualStudioVersion = 10.0.40219.1
Project("{FAE04EC0-301F-11D3-BF4B-00C04F79EFBC}") = "Mini Student Management System", "Mini Student Management System.csproj", "{F9D7210F-7CE1-4695-8B24-BD65038251D7}"
EndProject
Global
	GlobalSection(SolutionConfigurationPlatforms) = preSolution
		Debug|Any CPU = Debug|Any CPU
		Release|Any CPU = Release|Any CPU
	EndGlobalSection
	GlobalSection(ProjectConfigurationPlatforms) = postSolution
		{F9D7210F-7CE1-4695-8B24-BD65038251D7}.Debug|Any CPU.ActiveCfg = Debug|Any CPU
		{F9D7210F-7CE1-4695-8B24-BD65038251D7}.Debug|Any CPU.Build.0 = Debug|Any CPU
		{F9D7210F-7CE1-4695-8B24-BD65038251D7}.Release|Any CPU.ActiveCfg = Release|Any CPU
		{F9D7210F-7CE1-4695-8B24-BD65038251D7}.Release|Any CPU.Build.0 = Release|Any CPU
	EndGlobalSection
	GlobalSection(SolutionProperties) = preSolution
		HideSolutionNode = FALSE
	EndGlobalSection
	GlobalSection(ExtensibilityGlobals) = postSolution
		SolutionGuid = {29AA1A97-596F-49EC-84D7-71C248F8848C}
	EndGlobalSection
EndGlobal
